
Microsoft Visual Studio Solution File, Format Version 12.00
# Visual Studio 15
VisualStudioVersion = 15.0.28307.438
MinimumVisualStudioVersion = 10.0.40219.1
Project("{FAE04EC0-301F-11D3-BF4B-00C04F79EFBC}") = "Exemplo", "Exemplo\Exemplo.csproj", "{C99FF0E7-D355-44F6-8FE3-0864DE098B9D}"
EndProject
Global
	GlobalSection(SolutionConfigurationPlatforms) = preSolution
		Debug|Any CPU = Debug|Any CPU
		Release|Any CPU = Release|Any CPU
	EndGlobalSection
	GlobalSection(ProjectConfigurationPlatforms) = postSolution
		{C99FF0E7-D355-44F6-8FE3-0864DE098B9D}.Debug|Any CPU.ActiveCfg = Debug|Any CPU
		{C99FF0E7-D355-44F6-8FE3-0864DE098B9D}.Debug|Any CPU.Build.0 = Debug|Any CPU
		{C99FF0E7-D355-44F6-8FE3-0864DE098B9D}.Release|Any CPU.ActiveCfg = Release|Any CPU
		{C99FF0E7-D355-44F6-8FE3-0864DE098B9D}.Release|Any CPU.Build.0 = Release|Any CPU
	EndGlobalSection
	GlobalSection(SolutionProperties) = preSolution
		HideSolutionNode = FALSE
	EndGlobalSection
	GlobalSection(ExtensibilityGlobals) = postSolution
		SolutionGuid = {667855AC-29EA-4C86-82E9-48047CA9C09C}
	EndGlobalSection
EndGlobal
